// !$*UTF8*$!
{
	archiveVersion = 1;
	classes = {
	};
	objectVersion = 56;
	objects = {

/* Begin PBXBuildFile section */
		AD19F76929E5501100AD1837 /* TabViewController.swift in Sources */ = {isa = PBXBuildFile; fileRef = AD19F76829E5501100AD1837 /* TabViewController.swift */; };
		AD19F76B29E564B800AD1837 /* TabViewModel.swift in Sources */ = {isa = PBXBuildFile; fileRef = AD19F76A29E564B800AD1837 /* TabViewModel.swift */; };
		AD23A24E29DD59E4000255C9 /* Constants.swift in Sources */ = {isa = PBXBuildFile; fileRef = AD23A24D29DD59E4000255C9 /* Constants.swift */; };
		AD23A25029DD5B30000255C9 /* MainViewModel.swift in Sources */ = {isa = PBXBuildFile; fileRef = AD23A24F29DD5B30000255C9 /* MainViewModel.swift */; };
		AD23A25229DD603F000255C9 /* ObservableObject.swift in Sources */ = {isa = PBXBuildFile; fileRef = AD23A25129DD603F000255C9 /* ObservableObject.swift */; };
		AD23A25429DD611E000255C9 /* SongDetails.swift in Sources */ = {isa = PBXBuildFile; fileRef = AD23A25329DD611E000255C9 /* SongDetails.swift */; };
		AD68ABB929DC98CD002B510F /* AppDelegate.swift in Sources */ = {isa = PBXBuildFile; fileRef = AD68ABB829DC98CD002B510F /* AppDelegate.swift */; };
		AD68ABBB29DC98CD002B510F /* SceneDelegate.swift in Sources */ = {isa = PBXBuildFile; fileRef = AD68ABBA29DC98CD002B510F /* SceneDelegate.swift */; };
		AD68ABBD29DC98CD002B510F /* MainTableViewController.swift in Sources */ = {isa = PBXBuildFile; fileRef = AD68ABBC29DC98CD002B510F /* MainTableViewController.swift */; };
		AD68ABC029DC98CD002B510F /* Main.storyboard in Resources */ = {isa = PBXBuildFile; fileRef = AD68ABBE29DC98CD002B510F /* Main.storyboard */; };
		AD68ABC329DC98CD002B510F /* GuiTabFinder.xcdatamodeld in Sources */ = {isa = PBXBuildFile; fileRef = AD68ABC129DC98CD002B510F /* GuiTabFinder.xcdatamodeld */; };
		AD68ABC529DC98CE002B510F /* Assets.xcassets in Resources */ = {isa = PBXBuildFile; fileRef = AD68ABC429DC98CE002B510F /* Assets.xcassets */; };
		AD68ABC829DC98CE002B510F /* LaunchScreen.storyboard in Resources */ = {isa = PBXBuildFile; fileRef = AD68ABC629DC98CE002B510F /* LaunchScreen.storyboard */; };
		AD68ABD029DC99E0002B510F /* README.md in Resources */ = {isa = PBXBuildFile; fileRef = AD68ABCF29DC99E0002B510F /* README.md */; };
		AD7AB45D29DED17F004D84AD /* WebScrapingManager.swift in Sources */ = {isa = PBXBuildFile; fileRef = AD7AB45C29DED17F004D84AD /* WebScrapingManager.swift */; };
		AD97EF4529E0323100F68397 /* MainTableViewCell.swift in Sources */ = {isa = PBXBuildFile; fileRef = AD97EF4429E0323100F68397 /* MainTableViewCell.swift */; };
		ADD7AD8F29E6C60100E2ECC8 /* Extensions.swift in Sources */ = {isa = PBXBuildFile; fileRef = ADD7AD8E29E6C60100E2ECC8 /* Extensions.swift */; };
/* End PBXBuildFile section */

/* Begin PBXFileReference section */
		AD19F76829E5501100AD1837 /* TabViewController.swift */ = {isa = PBXFileReference; lastKnownFileType = sourcecode.swift; path = TabViewController.swift; sourceTree = "<group>"; };
		AD19F76A29E564B800AD1837 /* TabViewModel.swift */ = {isa = PBXFileReference; lastKnownFileType = sourcecode.swift; path = TabViewModel.swift; sourceTree = "<group>"; };
		AD23A24D29DD59E4000255C9 /* Constants.swift */ = {isa = PBXFileReference; lastKnownFileType = sourcecode.swift; path = Constants.swift; sourceTree = "<group>"; };
		AD23A24F29DD5B30000255C9 /* MainViewModel.swift */ = {isa = PBXFileReference; lastKnownFileType = sourcecode.swift; path = MainViewModel.swift; sourceTree = "<group>"; };
		AD23A25129DD603F000255C9 /* ObservableObject.swift */ = {isa = PBXFileReference; lastKnownFileType = sourcecode.swift; path = ObservableObject.swift; sourceTree = "<group>"; };
		AD23A25329DD611E000255C9 /* SongDetails.swift */ = {isa = PBXFileReference; lastKnownFileType = sourcecode.swift; path = SongDetails.swift; sourceTree = "<group>"; };
		AD68ABB529DC98CD002B510F /* GuiTabFinder.app */ = {isa = PBXFileReference; explicitFileType = wrapper.application; includeInIndex = 0; path = GuiTabFinder.app; sourceTree = BUILT_PRODUCTS_DIR; };
		AD68ABB829DC98CD002B510F /* AppDelegate.swift */ = {isa = PBXFileReference; lastKnownFileType = sourcecode.swift; path = AppDelegate.swift; sourceTree = "<group>"; };
		AD68ABBA29DC98CD002B510F /* SceneDelegate.swift */ = {isa = PBXFileReference; lastKnownFileType = sourcecode.swift; path = SceneDelegate.swift; sourceTree = "<group>"; };
		AD68ABBC29DC98CD002B510F /* MainTableViewController.swift */ = {isa = PBXFileReference; lastKnownFileType = sourcecode.swift; path = MainTableViewController.swift; sourceTree = "<group>"; };
		AD68ABBF29DC98CD002B510F /* Base */ = {isa = PBXFileReference; lastKnownFileType = file.storyboard; name = Base; path = Base.lproj/Main.storyboard; sourceTree = "<group>"; };
		AD68ABC229DC98CD002B510F /* GuiTabFinder.xcdatamodel */ = {isa = PBXFileReference; lastKnownFileType = wrapper.xcdatamodel; path = GuiTabFinder.xcdatamodel; sourceTree = "<group>"; };
		AD68ABC429DC98CE002B510F /* Assets.xcassets */ = {isa = PBXFileReference; lastKnownFileType = folder.assetcatalog; path = Assets.xcassets; sourceTree = "<group>"; };
		AD68ABC729DC98CE002B510F /* Base */ = {isa = PBXFileReference; lastKnownFileType = file.storyboard; name = Base; path = Base.lproj/LaunchScreen.storyboard; sourceTree = "<group>"; };
		AD68ABC929DC98CE002B510F /* Info.plist */ = {isa = PBXFileReference; lastKnownFileType = text.plist.xml; path = Info.plist; sourceTree = "<group>"; };
		AD68ABCF29DC99E0002B510F /* README.md */ = {isa = PBXFileReference; fileEncoding = 4; lastKnownFileType = net.daringfireball.markdown; path = README.md; sourceTree = "<group>"; };
		AD7AB45C29DED17F004D84AD /* WebScrapingManager.swift */ = {isa = PBXFileReference; lastKnownFileType = sourcecode.swift; path = WebScrapingManager.swift; sourceTree = "<group>"; };
		AD97EF4429E0323100F68397 /* MainTableViewCell.swift */ = {isa = PBXFileReference; lastKnownFileType = sourcecode.swift; path = MainTableViewCell.swift; sourceTree = "<group>"; };
		ADD7AD8E29E6C60100E2ECC8 /* Extensions.swift */ = {isa = PBXFileReference; lastKnownFileType = sourcecode.swift; path = Extensions.swift; sourceTree = "<group>"; };
/* End PBXFileReference section */

/* Begin PBXFrameworksBuildPhase section */
		AD68ABB229DC98CD002B510F /* Frameworks */ = {
			isa = PBXFrameworksBuildPhase;
			buildActionMask = 2147483647;
			files = (
			);
			runOnlyForDeploymentPostprocessing = 0;
		};
/* End PBXFrameworksBuildPhase section */

/* Begin PBXGroup section */
		AD23A24A29DD5869000255C9 /* Model */ = {
			isa = PBXGroup;
			children = (
				AD23A24D29DD59E4000255C9 /* Constants.swift */,
				AD23A25329DD611E000255C9 /* SongDetails.swift */,
				AD7AB45C29DED17F004D84AD /* WebScrapingManager.swift */,
			);
			path = Model;
			sourceTree = "<group>";
		};
		AD23A24B29DD586E000255C9 /* View */ = {
			isa = PBXGroup;
			children = (
				AD68ABBC29DC98CD002B510F /* MainTableViewController.swift */,
				AD97EF4429E0323100F68397 /* MainTableViewCell.swift */,
				AD19F76829E5501100AD1837 /* TabViewController.swift */,
				AD68ABBE29DC98CD002B510F /* Main.storyboard */,
				AD68ABC629DC98CE002B510F /* LaunchScreen.storyboard */,
			);
			path = View;
			sourceTree = "<group>";
		};
		AD23A24C29DD5873000255C9 /* ViewModel */ = {
			isa = PBXGroup;
			children = (
				AD23A24F29DD5B30000255C9 /* MainViewModel.swift */,
				AD19F76A29E564B800AD1837 /* TabViewModel.swift */,
			);
			path = ViewModel;
			sourceTree = "<group>";
		};
		AD68ABAC29DC98CD002B510F = {
			isa = PBXGroup;
			children = (
				AD68ABCF29DC99E0002B510F /* README.md */,
				AD68ABB729DC98CD002B510F /* GuiTabFinder */,
				AD68ABB629DC98CD002B510F /* Products */,
			);
			sourceTree = "<group>";
		};
		AD68ABB629DC98CD002B510F /* Products */ = {
			isa = PBXGroup;
			children = (
				AD68ABB529DC98CD002B510F /* GuiTabFinder.app */,
			);
			name = Products;
			sourceTree = "<group>";
		};
		AD68ABB729DC98CD002B510F /* GuiTabFinder */ = {
			isa = PBXGroup;
			children = (
				AD68ABB829DC98CD002B510F /* AppDelegate.swift */,
				AD68ABBA29DC98CD002B510F /* SceneDelegate.swift */,
				AD23A25129DD603F000255C9 /* ObservableObject.swift */,
				AD23A24A29DD5869000255C9 /* Model */,
				AD23A24B29DD586E000255C9 /* View */,
				AD23A24C29DD5873000255C9 /* ViewModel */,
				ADD7AD8D29E6C59400E2ECC8 /* Extensions */,
				AD68ABC429DC98CE002B510F /* Assets.xcassets */,
				AD68ABC929DC98CE002B510F /* Info.plist */,
				AD68ABC129DC98CD002B510F /* GuiTabFinder.xcdatamodeld */,
			);
			path = GuiTabFinder;
			sourceTree = "<group>";
		};
		ADD7AD8D29E6C59400E2ECC8 /* Extensions */ = {
			isa = PBXGroup;
			children = (
				ADD7AD8E29E6C60100E2ECC8 /* Extensions.swift */,
			);
			path = Extensions;
			sourceTree = "<group>";
		};
/* End PBXGroup section */

/* Begin PBXNativeTarget section */
		AD68ABB429DC98CD002B510F /* GuiTabFinder */ = {
			isa = PBXNativeTarget;
			buildConfigurationList = AD68ABCC29DC98CE002B510F /* Build configuration list for PBXNativeTarget "GuiTabFinder" */;
			buildPhases = (
				AD68ABB129DC98CD002B510F /* Sources */,
				AD68ABB229DC98CD002B510F /* Frameworks */,
				AD68ABB329DC98CD002B510F /* Resources */,
			);
			buildRules = (
			);
			dependencies = (
			);
			name = GuiTabFinder;
			productName = GuiTabFinder;
			productReference = AD68ABB529DC98CD002B510F /* GuiTabFinder.app */;
			productType = "com.apple.product-type.application";
		};
/* End PBXNativeTarget section */

/* Begin PBXProject section */
		AD68ABAD29DC98CD002B510F /* Project object */ = {
			isa = PBXProject;
			attributes = {
				BuildIndependentTargetsInParallel = 1;
				LastSwiftUpdateCheck = 1430;
				LastUpgradeCheck = 1430;
				TargetAttributes = {
					AD68ABB429DC98CD002B510F = {
						CreatedOnToolsVersion = 14.3;
					};
				};
			};
			buildConfigurationList = AD68ABB029DC98CD002B510F /* Build configuration list for PBXProject "GuiTabFinder" */;
			compatibilityVersion = "Xcode 14.0";
			developmentRegion = en;
			hasScannedForEncodings = 0;
			knownRegions = (
				en,
				Base,
			);
			mainGroup = AD68ABAC29DC98CD002B510F;
			productRefGroup = AD68ABB629DC98CD002B510F /* Products */;
			projectDirPath = "";
			projectRoot = "";
			targets = (
				AD68ABB429DC98CD002B510F /* GuiTabFinder */,
			);
		};
/* End PBXProject section */

/* Begin PBXResourcesBuildPhase section */
		AD68ABB329DC98CD002B510F /* Resources */ = {
			isa = PBXResourcesBuildPhase;
			buildActionMask = 2147483647;
			files = (
				AD68ABC829DC98CE002B510F /* LaunchScreen.storyboard in Resources */,
				AD68ABC529DC98CE002B510F /* Assets.xcassets in Resources */,
				AD68ABD029DC99E0002B510F /* README.md in Resources */,
				AD68ABC029DC98CD002B510F /* Main.storyboard in Resources */,
			);
			runOnlyForDeploymentPostprocessing = 0;
		};
/* End PBXResourcesBuildPhase section */

/* Begin PBXSourcesBuildPhase section */
		AD68ABB129DC98CD002B510F /* Sources */ = {
			isa = PBXSourcesBuildPhase;
			buildActionMask = 2147483647;
			files = (
				AD23A25429DD611E000255C9 /* SongDetails.swift in Sources */,
				AD23A24E29DD59E4000255C9 /* Constants.swift in Sources */,
				AD68ABBD29DC98CD002B510F /* MainTableViewController.swift in Sources */,
				AD68ABC329DC98CD002B510F /* GuiTabFinder.xcdatamodeld in Sources */,
				ADD7AD8F29E6C60100E2ECC8 /* Extensions.swift in Sources */,
				AD19F76B29E564B800AD1837 /* TabViewModel.swift in Sources */,
				AD97EF4529E0323100F68397 /* MainTableViewCell.swift in Sources */,
				AD68ABB929DC98CD002B510F /* AppDelegate.swift in Sources */,
				AD19F76929E5501100AD1837 /* TabViewController.swift in Sources */,
				AD23A25229DD603F000255C9 /* ObservableObject.swift in Sources */,
				AD68ABBB29DC98CD002B510F /* SceneDelegate.swift in Sources */,
				AD7AB45D29DED17F004D84AD /* WebScrapingManager.swift in Sources */,
				AD23A25029DD5B30000255C9 /* MainViewModel.swift in Sources */,
			);
			runOnlyForDeploymentPostprocessing = 0;
		};
/* End PBXSourcesBuildPhase section */

/* Begin PBXVariantGroup section */
		AD68ABBE29DC98CD002B510F /* Main.storyboard */ = {
			isa = PBXVariantGroup;
			children = (
				AD68ABBF29DC98CD002B510F /* Base */,
			);
			name = Main.storyboard;
			sourceTree = "<group>";
		};
		AD68ABC629DC98CE002B510F /* LaunchScreen.storyboard */ = {
			isa = PBXVariantGroup;
			children = (
				AD68ABC729DC98CE002B510F /* Base */,
			);
			name = LaunchScreen.storyboard;
			sourceTree = "<group>";
		};
/* End PBXVariantGroup section */

/* Begin XCBuildConfiguration section */
		AD68ABCA29DC98CE002B510F /* Debug */ = {
			isa = XCBuildConfiguration;
			buildSettings = {
				ALWAYS_SEARCH_USER_PATHS = NO;
				CLANG_ANALYZER_NONNULL = YES;
				CLANG_ANALYZER_NUMBER_OBJECT_CONVERSION = YES_AGGRESSIVE;
				CLANG_CXX_LANGUAGE_STANDARD = "gnu++20";
				CLANG_ENABLE_MODULES = YES;
				CLANG_ENABLE_OBJC_ARC = YES;
				CLANG_ENABLE_OBJC_WEAK = YES;
				CLANG_WARN_BLOCK_CAPTURE_AUTORELEASING = YES;
				CLANG_WARN_BOOL_CONVERSION = YES;
				CLANG_WARN_COMMA = YES;
				CLANG_WARN_CONSTANT_CONVERSION = YES;
				CLANG_WARN_DEPRECATED_OBJC_IMPLEMENTATIONS = YES;
				CLANG_WARN_DIRECT_OBJC_ISA_USAGE = YES_ERROR;
				CLANG_WARN_DOCUMENTATION_COMMENTS = YES;
				CLANG_WARN_EMPTY_BODY = YES;
				CLANG_WARN_ENUM_CONVERSION = YES;
				CLANG_WARN_INFINITE_RECURSION = YES;
				CLANG_WARN_INT_CONVERSION = YES;
				CLANG_WARN_NON_LITERAL_NULL_CONVERSION = YES;
				CLANG_WARN_OBJC_IMPLICIT_RETAIN_SELF = YES;
				CLANG_WARN_OBJC_LITERAL_CONVERSION = YES;
				CLANG_WARN_OBJC_ROOT_CLASS = YES_ERROR;
				CLANG_WARN_QUOTED_INCLUDE_IN_FRAMEWORK_HEADER = YES;
				CLANG_WARN_RANGE_LOOP_ANALYSIS = YES;
				CLANG_WARN_STRICT_PROTOTYPES = YES;
				CLANG_WARN_SUSPICIOUS_MOVE = YES;
				CLANG_WARN_UNGUARDED_AVAILABILITY = YES_AGGRESSIVE;
				CLANG_WARN_UNREACHABLE_CODE = YES;
				CLANG_WARN__DUPLICATE_METHOD_MATCH = YES;
				COPY_PHASE_STRIP = NO;
				DEBUG_INFORMATION_FORMAT = dwarf;
				ENABLE_STRICT_OBJC_MSGSEND = YES;
				ENABLE_TESTABILITY = YES;
				GCC_C_LANGUAGE_STANDARD = gnu11;
				GCC_DYNAMIC_NO_PIC = NO;
				GCC_NO_COMMON_BLOCKS = YES;
				GCC_OPTIMIZATION_LEVEL = 0;
				GCC_PREPROCESSOR_DEFINITIONS = (
					"DEBUG=1",
					"$(inherited)",
				);
				GCC_WARN_64_TO_32_BIT_CONVERSION = YES;
				GCC_WARN_ABOUT_RETURN_TYPE = YES_ERROR;
				GCC_WARN_UNDECLARED_SELECTOR = YES;
				GCC_WARN_UNINITIALIZED_AUTOS = YES_AGGRESSIVE;
				GCC_WARN_UNUSED_FUNCTION = YES;
				GCC_WARN_UNUSED_VARIABLE = YES;
				IPHONEOS_DEPLOYMENT_TARGET = 15.0;
				MTL_ENABLE_DEBUG_INFO = INCLUDE_SOURCE;
				MTL_FAST_MATH = YES;
				ONLY_ACTIVE_ARCH = YES;
				SDKROOT = iphoneos;
				SWIFT_ACTIVE_COMPILATION_CONDITIONS = DEBUG;
				SWIFT_OPTIMIZATION_LEVEL = "-Onone";
			};
			name = Debug;
		};
		AD68ABCB29DC98CE002B510F /* Release */ = {
			isa = XCBuildConfiguration;
			buildSettings = {
				ALWAYS_SEARCH_USER_PATHS = NO;
				CLANG_ANALYZER_NONNULL = YES;
				CLANG_ANALYZER_NUMBER_OBJECT_CONVERSION = YES_AGGRESSIVE;
				CLANG_CXX_LANGUAGE_STANDARD = "gnu++20";
				CLANG_ENABLE_MODULES = YES;
				CLANG_ENABLE_OBJC_ARC = YES;
				CLANG_ENABLE_OBJC_WEAK = YES;
				CLANG_WARN_BLOCK_CAPTURE_AUTORELEASING = YES;
				CLANG_WARN_BOOL_CONVERSION = YES;
				CLANG_WARN_COMMA = YES;
				CLANG_WARN_CONSTANT_CONVERSION = YES;
				CLANG_WARN_DEPRECATED_OBJC_IMPLEMENTATIONS = YES;
				CLANG_WARN_DIRECT_OBJC_ISA_USAGE = YES_ERROR;
				CLANG_WARN_DOCUMENTATION_COMMENTS = YES;
				CLANG_WARN_EMPTY_BODY = YES;
				CLANG_WARN_ENUM_CONVERSION = YES;
				CLANG_WARN_INFINITE_RECURSION = YES;
				CLANG_WARN_INT_CONVERSION = YES;
				CLANG_WARN_NON_LITERAL_NULL_CONVERSION = YES;
				CLANG_WARN_OBJC_IMPLICIT_RETAIN_SELF = YES;
				CLANG_WARN_OBJC_LITERAL_CONVERSION = YES;
				CLANG_WARN_OBJC_ROOT_CLASS = YES_ERROR;
				CLANG_WARN_QUOTED_INCLUDE_IN_FRAMEWORK_HEADER = YES;
				CLANG_WARN_RANGE_LOOP_ANALYSIS = YES;
				CLANG_WARN_STRICT_PROTOTYPES = YES;
				CLANG_WARN_SUSPICIOUS_MOVE = YES;
				CLANG_WARN_UNGUARDED_AVAILABILITY = YES_AGGRESSIVE;
				CLANG_WARN_UNREACHABLE_CODE = YES;
				CLANG_WARN__DUPLICATE_METHOD_MATCH = YES;
				COPY_PHASE_STRIP = NO;
				DEBUG_INFORMATION_FORMAT = "dwarf-with-dsym";
				ENABLE_NS_ASSERTIONS = NO;
				ENABLE_STRICT_OBJC_MSGSEND = YES;
				GCC_C_LANGUAGE_STANDARD = gnu11;
				GCC_NO_COMMON_BLOCKS = YES;
				GCC_WARN_64_TO_32_BIT_CONVERSION = YES;
				GCC_WARN_ABOUT_RETURN_TYPE = YES_ERROR;
				GCC_WARN_UNDECLARED_SELECTOR = YES;
				GCC_WARN_UNINITIALIZED_AUTOS = YES_AGGRESSIVE;
				GCC_WARN_UNUSED_FUNCTION = YES;
				GCC_WARN_UNUSED_VARIABLE = YES;
				IPHONEOS_DEPLOYMENT_TARGET = 15.0;
				MTL_ENABLE_DEBUG_INFO = NO;
				MTL_FAST_MATH = YES;
				SDKROOT = iphoneos;
				SWIFT_COMPILATION_MODE = wholemodule;
				SWIFT_OPTIMIZATION_LEVEL = "-O";
				VALIDATE_PRODUCT = YES;
			};
			name = Release;
		};
		AD68ABCD29DC98CE002B510F /* Debug */ = {
			isa = XCBuildConfiguration;
			buildSettings = {
				ASSETCATALOG_COMPILER_APPICON_NAME = AppIcon;
				ASSETCATALOG_COMPILER_GLOBAL_ACCENT_COLOR_NAME = AccentColor;
				CODE_SIGN_STYLE = Automatic;
				CURRENT_PROJECT_VERSION = 1;
				DEVELOPMENT_TEAM = UJ8245Z3MQ;
				GENERATE_INFOPLIST_FILE = YES;
				INFOPLIST_FILE = GuiTabFinder/Info.plist;
				INFOPLIST_KEY_LSApplicationCategoryType = "public.app-category.entertainment";
				INFOPLIST_KEY_UIApplicationSupportsIndirectInputEvents = YES;
				INFOPLIST_KEY_UILaunchStoryboardName = LaunchScreen;
				INFOPLIST_KEY_UIMainStoryboardFile = Main;
				INFOPLIST_KEY_UISupportedInterfaceOrientations = "UIInterfaceOrientationPortrait UIInterfaceOrientationPortraitUpsideDown";
				IPHONEOS_DEPLOYMENT_TARGET = 15.0;
				LD_RUNPATH_SEARCH_PATHS = (
					"$(inherited)",
					"@executable_path/Frameworks",
				);
				MARKETING_VERSION = 1.0;
				PRODUCT_BUNDLE_IDENTIFIER = com.anthonydev.GuiTabFinder;
				PRODUCT_NAME = "$(TARGET_NAME)";
				SWIFT_EMIT_LOC_STRINGS = YES;
				SWIFT_VERSION = 5.0;
				TARGETED_DEVICE_FAMILY = "1,2";
			};
			name = Debug;
		};
		AD68ABCE29DC98CE002B510F /* Release */ = {
			isa = XCBuildConfiguration;
			buildSettings = {
				ASSETCATALOG_COMPILER_APPICON_NAME = AppIcon;
				ASSETCATALOG_COMPILER_GLOBAL_ACCENT_COLOR_NAME = AccentColor;
				CODE_SIGN_STYLE = Automatic;
				CURRENT_PROJECT_VERSION = 1;
				DEVELOPMENT_TEAM = UJ8245Z3MQ;
				GENERATE_INFOPLIST_FILE = YES;
				INFOPLIST_FILE = GuiTabFinder/Info.plist;
				INFOPLIST_KEY_LSApplicationCategoryType = "public.app-category.entertainment";
				INFOPLIST_KEY_UIApplicationSupportsIndirectInputEvents = YES;
				INFOPLIST_KEY_UILaunchStoryboardName = LaunchScreen;
				INFOPLIST_KEY_UIMainStoryboardFile = Main;
				INFOPLIST_KEY_UISupportedInterfaceOrientations = "UIInterfaceOrientationPortrait UIInterfaceOrientationPortraitUpsideDown";
				IPHONEOS_DEPLOYMENT_TARGET = 15.0;
				LD_RUNPATH_SEARCH_PATHS = (
					"$(inherited)",
					"@executable_path/Frameworks",
				);
				MARKETING_VERSION = 1.0;
				PRODUCT_BUNDLE_IDENTIFIER = com.anthonydev.GuiTabFinder;
				PRODUCT_NAME = "$(TARGET_NAME)";
				SWIFT_EMIT_LOC_STRINGS = YES;
				SWIFT_VERSION = 5.0;
				TARGETED_DEVICE_FAMILY = "1,2";
			};
			name = Release;
		};
/* End XCBuildConfiguration section */

/* Begin XCConfigurationList section */
		AD68ABB029DC98CD002B510F /* Build configuration list for PBXProject "GuiTabFinder" */ = {
			isa = XCConfigurationList;
			buildConfigurations = (
				AD68ABCA29DC98CE002B510F /* Debug */,
				AD68ABCB29DC98CE002B510F /* Release */,
			);
			defaultConfigurationIsVisible = 0;
			defaultConfigurationName = Release;
		};
		AD68ABCC29DC98CE002B510F /* Build configuration list for PBXNativeTarget "GuiTabFinder" */ = {
			isa = XCConfigurationList;
			buildConfigurations = (
				AD68ABCD29DC98CE002B510F /* Debug */,
				AD68ABCE29DC98CE002B510F /* Release */,
			);
			defaultConfigurationIsVisible = 0;
			defaultConfigurationName = Release;
		};
/* End XCConfigurationList section */

/* Begin XCVersionGroup section */
		AD68ABC129DC98CD002B510F /* GuiTabFinder.xcdatamodeld */ = {
			isa = XCVersionGroup;
			children = (
				AD68ABC229DC98CD002B510F /* GuiTabFinder.xcdatamodel */,
			);
			currentVersion = AD68ABC229DC98CD002B510F /* GuiTabFinder.xcdatamodel */;
			path = GuiTabFinder.xcdatamodeld;
			sourceTree = "<group>";
			versionGroupType = wrapper.xcdatamodel;
		};
/* End XCVersionGroup section */
	};
	rootObject = AD68ABAD29DC98CD002B510F /* Project object */;
}
