// !$*UTF8*$!
{
	archiveVersion = 1;
	classes = {
	};
	objectVersion = 56;
	objects = {

/* Begin PBXBuildFile section */
		AD19F76929E5501100AD1837 /* TablatureDetailViewController.swift in Sources */ = {isa = PBXBuildFile; fileRef = AD19F76829E5501100AD1837 /* TablatureDetailViewController.swift */; };
		AD1E89E32A6320C700054FE7 /* TablatureListRepository.swift in Sources */ = {isa = PBXBuildFile; fileRef = AD1E89E22A6320C700054FE7 /* TablatureListRepository.swift */; };
		AD1E89E52A63222700054FE7 /* TablatureListRepository+Parameters.swift in Sources */ = {isa = PBXBuildFile; fileRef = AD1E89E42A63222700054FE7 /* TablatureListRepository+Parameters.swift */; };
		AD1E89E92A63380E00054FE7 /* TablatureListUseCase.swift in Sources */ = {isa = PBXBuildFile; fileRef = AD1E89E82A63380E00054FE7 /* TablatureListUseCase.swift */; };
		AD23A24E29DD59E4000255C9 /* TFEndpoints.swift in Sources */ = {isa = PBXBuildFile; fileRef = AD23A24D29DD59E4000255C9 /* TFEndpoints.swift */; };
		AD23A25229DD603F000255C9 /* ObservableObject.swift in Sources */ = {isa = PBXBuildFile; fileRef = AD23A25129DD603F000255C9 /* ObservableObject.swift */; };
		AD23A25429DD611E000255C9 /* TablatureDetail.swift in Sources */ = {isa = PBXBuildFile; fileRef = AD23A25329DD611E000255C9 /* TablatureDetail.swift */; };
		AD27A8F62A6160020004F846 /* EmptyStateView.swift in Sources */ = {isa = PBXBuildFile; fileRef = AD27A8F52A6160020004F846 /* EmptyStateView.swift */; };
		AD27A8FA2A6160520004F846 /* EmptyStateView+Constraints.swift in Sources */ = {isa = PBXBuildFile; fileRef = AD27A8F92A6160520004F846 /* EmptyStateView+Constraints.swift */; };
		AD27A8FC2A6171AE0004F846 /* EmptyStateView+Constants.swift in Sources */ = {isa = PBXBuildFile; fileRef = AD27A8FB2A6171AE0004F846 /* EmptyStateView+Constants.swift */; };
		AD27A8FE2A6174680004F846 /* AppError.swift in Sources */ = {isa = PBXBuildFile; fileRef = AD27A8FD2A6174680004F846 /* AppError.swift */; };
		AD27A9022A61AAC80004F846 /* BaseViewController.swift in Sources */ = {isa = PBXBuildFile; fileRef = AD27A9012A61AAC80004F846 /* BaseViewController.swift */; };
		AD27A9042A61AAE80004F846 /* SpinnerViewController.swift in Sources */ = {isa = PBXBuildFile; fileRef = AD27A9032A61AAE80004F846 /* SpinnerViewController.swift */; };
		AD27A9062A61AAF10004F846 /* SpinnerViewController+Constants.swift in Sources */ = {isa = PBXBuildFile; fileRef = AD27A9052A61AAF10004F846 /* SpinnerViewController+Constants.swift */; };
		AD27A9082A61AAFA0004F846 /* SpinnerViewController+Constraints.swift in Sources */ = {isa = PBXBuildFile; fileRef = AD27A9072A61AAFA0004F846 /* SpinnerViewController+Constraints.swift */; };
		AD27A90A2A61ABFD0004F846 /* LoadingStatus.swift in Sources */ = {isa = PBXBuildFile; fileRef = AD27A9092A61ABFD0004F846 /* LoadingStatus.swift */; };
		AD68ABB929DC98CD002B510F /* AppDelegate.swift in Sources */ = {isa = PBXBuildFile; fileRef = AD68ABB829DC98CD002B510F /* AppDelegate.swift */; };
		AD68ABBB29DC98CD002B510F /* SceneDelegate.swift in Sources */ = {isa = PBXBuildFile; fileRef = AD68ABBA29DC98CD002B510F /* SceneDelegate.swift */; };
		AD68ABBD29DC98CD002B510F /* TablatureFinderViewController.swift in Sources */ = {isa = PBXBuildFile; fileRef = AD68ABBC29DC98CD002B510F /* TablatureFinderViewController.swift */; };
		AD68ABC029DC98CD002B510F /* Main.storyboard in Resources */ = {isa = PBXBuildFile; fileRef = AD68ABBE29DC98CD002B510F /* Main.storyboard */; };
		AD68ABC329DC98CD002B510F /* GuiTabFinder.xcdatamodeld in Sources */ = {isa = PBXBuildFile; fileRef = AD68ABC129DC98CD002B510F /* GuiTabFinder.xcdatamodeld */; };
		AD68ABC529DC98CE002B510F /* Assets.xcassets in Resources */ = {isa = PBXBuildFile; fileRef = AD68ABC429DC98CE002B510F /* Assets.xcassets */; };
		AD68ABC829DC98CE002B510F /* LaunchScreen.storyboard in Resources */ = {isa = PBXBuildFile; fileRef = AD68ABC629DC98CE002B510F /* LaunchScreen.storyboard */; };
		AD68ABD029DC99E0002B510F /* README.md in Resources */ = {isa = PBXBuildFile; fileRef = AD68ABCF29DC99E0002B510F /* README.md */; };
		AD97EF4529E0323100F68397 /* TablatureFinderTableViewCell.swift in Sources */ = {isa = PBXBuildFile; fileRef = AD97EF4429E0323100F68397 /* TablatureFinderTableViewCell.swift */; };
		ADA39CBD2A5EA4BE00B08E4D /* String+Localized.swift in Sources */ = {isa = PBXBuildFile; fileRef = ADA39CBC2A5EA4BE00B08E4D /* String+Localized.swift */; };
		ADA39CBF2A5EC0C600B08E4D /* TablatureFinderTableViewCell+Constraints.swift in Sources */ = {isa = PBXBuildFile; fileRef = ADA39CBE2A5EC0C600B08E4D /* TablatureFinderTableViewCell+Constraints.swift */; };
		ADA39CC62A5ECC4500B08E4D /* TablatureDetailViewController+Constraints.swift in Sources */ = {isa = PBXBuildFile; fileRef = ADA39CC52A5ECC4500B08E4D /* TablatureDetailViewController+Constraints.swift */; };
		ADA39CC82A5ECC5800B08E4D /* TablatureDetailViewController+ScrollViewDelegate.swift in Sources */ = {isa = PBXBuildFile; fileRef = ADA39CC72A5ECC5800B08E4D /* TablatureDetailViewController+ScrollViewDelegate.swift */; };
		ADA39CCA2A5F1F3600B08E4D /* TablatureDetailViewModel.swift in Sources */ = {isa = PBXBuildFile; fileRef = ADA39CC92A5F1F3600B08E4D /* TablatureDetailViewModel.swift */; };
		ADA39CCC2A5F663A00B08E4D /* TablatureFinderTableViewCell+Constants.swift in Sources */ = {isa = PBXBuildFile; fileRef = ADA39CCB2A5F663A00B08E4D /* TablatureFinderTableViewCell+Constants.swift */; };
		ADA39CCE2A5F665E00B08E4D /* TablatureDetailViewController+Constants.swift in Sources */ = {isa = PBXBuildFile; fileRef = ADA39CCD2A5F665E00B08E4D /* TablatureDetailViewController+Constants.swift */; };
		ADB2C6D62A655AA300743C17 /* TablatureDetailRepository.swift in Sources */ = {isa = PBXBuildFile; fileRef = ADB2C6D52A655AA300743C17 /* TablatureDetailRepository.swift */; };
		ADB2C6D82A655AE700743C17 /* TablatureDetailRepository+Parameters.swift in Sources */ = {isa = PBXBuildFile; fileRef = ADB2C6D72A655AE700743C17 /* TablatureDetailRepository+Parameters.swift */; };
		ADB2C6DA2A655BED00743C17 /* TablatureDetailUseCase.swift in Sources */ = {isa = PBXBuildFile; fileRef = ADB2C6D92A655BED00743C17 /* TablatureDetailUseCase.swift */; };
		ADD7AD8F29E6C60100E2ECC8 /* Extensions.swift in Sources */ = {isa = PBXBuildFile; fileRef = ADD7AD8E29E6C60100E2ECC8 /* Extensions.swift */; };
		ADE359312A5D97D400BC9E61 /* MainCoordinator.swift in Sources */ = {isa = PBXBuildFile; fileRef = ADE359302A5D97D300BC9E61 /* MainCoordinator.swift */; };
		ADE359342A5DA13A00BC9E61 /* HomeTabBarViewController.swift in Sources */ = {isa = PBXBuildFile; fileRef = ADE359332A5DA13A00BC9E61 /* HomeTabBarViewController.swift */; };
		ADE359382A5DA53100BC9E61 /* ChildCoordinator.swift in Sources */ = {isa = PBXBuildFile; fileRef = ADE359372A5DA53100BC9E61 /* ChildCoordinator.swift */; };
		ADE3593A2A5DA56000BC9E61 /* Coordinator.swift in Sources */ = {isa = PBXBuildFile; fileRef = ADE359392A5DA56000BC9E61 /* Coordinator.swift */; };
		ADE3593D2A5DA7AB00BC9E61 /* TablatureFinderCoordinator.swift in Sources */ = {isa = PBXBuildFile; fileRef = ADE3593C2A5DA7AB00BC9E61 /* TablatureFinderCoordinator.swift */; };
		ADE3593F2A5DB5CB00BC9E61 /* TablatureFinderViewModel.swift in Sources */ = {isa = PBXBuildFile; fileRef = ADE3593E2A5DB5CB00BC9E61 /* TablatureFinderViewModel.swift */; };
		ADE359452A5DC18900BC9E61 /* TablatureListModel.swift in Sources */ = {isa = PBXBuildFile; fileRef = ADE359442A5DC18900BC9E61 /* TablatureListModel.swift */; };
		ADE359482A5DCA0700BC9E61 /* TablatureFinderViewController+Constants.swift in Sources */ = {isa = PBXBuildFile; fileRef = ADE359472A5DCA0700BC9E61 /* TablatureFinderViewController+Constants.swift */; };
		ADE3594A2A5DCA2F00BC9E61 /* TablatureFinderViewController+Constraints.swift in Sources */ = {isa = PBXBuildFile; fileRef = ADE359492A5DCA2F00BC9E61 /* TablatureFinderViewController+Constraints.swift */; };
		ADE3594E2A5DCA5F00BC9E61 /* TablatureFinderViewController+TableViewDataSource.swift in Sources */ = {isa = PBXBuildFile; fileRef = ADE3594D2A5DCA5F00BC9E61 /* TablatureFinderViewController+TableViewDataSource.swift */; };
		ADE359502A5DCA6F00BC9E61 /* TablatureFinderViewController+TableViewDelegate.swift in Sources */ = {isa = PBXBuildFile; fileRef = ADE3594F2A5DCA6F00BC9E61 /* TablatureFinderViewController+TableViewDelegate.swift */; };
		ADE359532A5DD66400BC9E61 /* TablatureFinderViewController+SearchBarDelegate.swift in Sources */ = {isa = PBXBuildFile; fileRef = ADE359522A5DD66400BC9E61 /* TablatureFinderViewController+SearchBarDelegate.swift */; };
		ADE359552A5DE04C00BC9E61 /* UIView+SafeArea.swift in Sources */ = {isa = PBXBuildFile; fileRef = ADE359542A5DE04C00BC9E61 /* UIView+SafeArea.swift */; };
/* End PBXBuildFile section */

/* Begin PBXFileReference section */
		AD19F76829E5501100AD1837 /* TablatureDetailViewController.swift */ = {isa = PBXFileReference; lastKnownFileType = sourcecode.swift; path = TablatureDetailViewController.swift; sourceTree = "<group>"; };
		AD1E89E22A6320C700054FE7 /* TablatureListRepository.swift */ = {isa = PBXFileReference; lastKnownFileType = sourcecode.swift; path = TablatureListRepository.swift; sourceTree = "<group>"; };
		AD1E89E42A63222700054FE7 /* TablatureListRepository+Parameters.swift */ = {isa = PBXFileReference; lastKnownFileType = sourcecode.swift; path = "TablatureListRepository+Parameters.swift"; sourceTree = "<group>"; };
		AD1E89E82A63380E00054FE7 /* TablatureListUseCase.swift */ = {isa = PBXFileReference; lastKnownFileType = sourcecode.swift; path = TablatureListUseCase.swift; sourceTree = "<group>"; };
		AD23A24D29DD59E4000255C9 /* TFEndpoints.swift */ = {isa = PBXFileReference; lastKnownFileType = sourcecode.swift; path = TFEndpoints.swift; sourceTree = "<group>"; };
		AD23A25129DD603F000255C9 /* ObservableObject.swift */ = {isa = PBXFileReference; lastKnownFileType = sourcecode.swift; path = ObservableObject.swift; sourceTree = "<group>"; };
		AD23A25329DD611E000255C9 /* TablatureDetail.swift */ = {isa = PBXFileReference; lastKnownFileType = sourcecode.swift; path = TablatureDetail.swift; sourceTree = "<group>"; };
		AD27A8F52A6160020004F846 /* EmptyStateView.swift */ = {isa = PBXFileReference; lastKnownFileType = sourcecode.swift; path = EmptyStateView.swift; sourceTree = "<group>"; };
		AD27A8F92A6160520004F846 /* EmptyStateView+Constraints.swift */ = {isa = PBXFileReference; lastKnownFileType = sourcecode.swift; path = "EmptyStateView+Constraints.swift"; sourceTree = "<group>"; };
		AD27A8FB2A6171AE0004F846 /* EmptyStateView+Constants.swift */ = {isa = PBXFileReference; lastKnownFileType = sourcecode.swift; path = "EmptyStateView+Constants.swift"; sourceTree = "<group>"; };
		AD27A8FD2A6174680004F846 /* AppError.swift */ = {isa = PBXFileReference; lastKnownFileType = sourcecode.swift; path = AppError.swift; sourceTree = "<group>"; };
		AD27A9012A61AAC80004F846 /* BaseViewController.swift */ = {isa = PBXFileReference; lastKnownFileType = sourcecode.swift; path = BaseViewController.swift; sourceTree = "<group>"; };
		AD27A9032A61AAE80004F846 /* SpinnerViewController.swift */ = {isa = PBXFileReference; lastKnownFileType = sourcecode.swift; path = SpinnerViewController.swift; sourceTree = "<group>"; };
		AD27A9052A61AAF10004F846 /* SpinnerViewController+Constants.swift */ = {isa = PBXFileReference; lastKnownFileType = sourcecode.swift; path = "SpinnerViewController+Constants.swift"; sourceTree = "<group>"; };
		AD27A9072A61AAFA0004F846 /* SpinnerViewController+Constraints.swift */ = {isa = PBXFileReference; lastKnownFileType = sourcecode.swift; path = "SpinnerViewController+Constraints.swift"; sourceTree = "<group>"; };
		AD27A9092A61ABFD0004F846 /* LoadingStatus.swift */ = {isa = PBXFileReference; lastKnownFileType = sourcecode.swift; path = LoadingStatus.swift; sourceTree = "<group>"; };
		AD68ABB529DC98CD002B510F /* GuiTabFinder.app */ = {isa = PBXFileReference; explicitFileType = wrapper.application; includeInIndex = 0; path = GuiTabFinder.app; sourceTree = BUILT_PRODUCTS_DIR; };
		AD68ABB829DC98CD002B510F /* AppDelegate.swift */ = {isa = PBXFileReference; lastKnownFileType = sourcecode.swift; path = AppDelegate.swift; sourceTree = "<group>"; };
		AD68ABBA29DC98CD002B510F /* SceneDelegate.swift */ = {isa = PBXFileReference; lastKnownFileType = sourcecode.swift; path = SceneDelegate.swift; sourceTree = "<group>"; };
		AD68ABBC29DC98CD002B510F /* TablatureFinderViewController.swift */ = {isa = PBXFileReference; lastKnownFileType = sourcecode.swift; path = TablatureFinderViewController.swift; sourceTree = "<group>"; };
		AD68ABBF29DC98CD002B510F /* Base */ = {isa = PBXFileReference; lastKnownFileType = file.storyboard; name = Base; path = Base.lproj/Main.storyboard; sourceTree = "<group>"; };
		AD68ABC229DC98CD002B510F /* GuiTabFinder.xcdatamodel */ = {isa = PBXFileReference; lastKnownFileType = wrapper.xcdatamodel; path = GuiTabFinder.xcdatamodel; sourceTree = "<group>"; };
		AD68ABC429DC98CE002B510F /* Assets.xcassets */ = {isa = PBXFileReference; lastKnownFileType = folder.assetcatalog; path = Assets.xcassets; sourceTree = "<group>"; };
		AD68ABC729DC98CE002B510F /* Base */ = {isa = PBXFileReference; lastKnownFileType = file.storyboard; name = Base; path = Base.lproj/LaunchScreen.storyboard; sourceTree = "<group>"; };
		AD68ABC929DC98CE002B510F /* Info.plist */ = {isa = PBXFileReference; lastKnownFileType = text.plist.xml; path = Info.plist; sourceTree = "<group>"; };
		AD68ABCF29DC99E0002B510F /* README.md */ = {isa = PBXFileReference; fileEncoding = 4; lastKnownFileType = net.daringfireball.markdown; path = README.md; sourceTree = "<group>"; };
		AD97EF4429E0323100F68397 /* TablatureFinderTableViewCell.swift */ = {isa = PBXFileReference; lastKnownFileType = sourcecode.swift; path = TablatureFinderTableViewCell.swift; sourceTree = "<group>"; };
		ADA39CBC2A5EA4BE00B08E4D /* String+Localized.swift */ = {isa = PBXFileReference; lastKnownFileType = sourcecode.swift; path = "String+Localized.swift"; sourceTree = "<group>"; };
		ADA39CBE2A5EC0C600B08E4D /* TablatureFinderTableViewCell+Constraints.swift */ = {isa = PBXFileReference; lastKnownFileType = sourcecode.swift; path = "TablatureFinderTableViewCell+Constraints.swift"; sourceTree = "<group>"; };
		ADA39CC52A5ECC4500B08E4D /* TablatureDetailViewController+Constraints.swift */ = {isa = PBXFileReference; lastKnownFileType = sourcecode.swift; path = "TablatureDetailViewController+Constraints.swift"; sourceTree = "<group>"; };
		ADA39CC72A5ECC5800B08E4D /* TablatureDetailViewController+ScrollViewDelegate.swift */ = {isa = PBXFileReference; lastKnownFileType = sourcecode.swift; path = "TablatureDetailViewController+ScrollViewDelegate.swift"; sourceTree = "<group>"; };
		ADA39CC92A5F1F3600B08E4D /* TablatureDetailViewModel.swift */ = {isa = PBXFileReference; lastKnownFileType = sourcecode.swift; path = TablatureDetailViewModel.swift; sourceTree = "<group>"; };
		ADA39CCB2A5F663A00B08E4D /* TablatureFinderTableViewCell+Constants.swift */ = {isa = PBXFileReference; lastKnownFileType = sourcecode.swift; path = "TablatureFinderTableViewCell+Constants.swift"; sourceTree = "<group>"; };
		ADA39CCD2A5F665E00B08E4D /* TablatureDetailViewController+Constants.swift */ = {isa = PBXFileReference; lastKnownFileType = sourcecode.swift; path = "TablatureDetailViewController+Constants.swift"; sourceTree = "<group>"; };
		ADB2C6D52A655AA300743C17 /* TablatureDetailRepository.swift */ = {isa = PBXFileReference; lastKnownFileType = sourcecode.swift; path = TablatureDetailRepository.swift; sourceTree = "<group>"; };
		ADB2C6D72A655AE700743C17 /* TablatureDetailRepository+Parameters.swift */ = {isa = PBXFileReference; lastKnownFileType = sourcecode.swift; path = "TablatureDetailRepository+Parameters.swift"; sourceTree = "<group>"; };
		ADB2C6D92A655BED00743C17 /* TablatureDetailUseCase.swift */ = {isa = PBXFileReference; lastKnownFileType = sourcecode.swift; path = TablatureDetailUseCase.swift; sourceTree = "<group>"; };
		ADD7AD8E29E6C60100E2ECC8 /* Extensions.swift */ = {isa = PBXFileReference; lastKnownFileType = sourcecode.swift; path = Extensions.swift; sourceTree = "<group>"; };
		ADE359302A5D97D300BC9E61 /* MainCoordinator.swift */ = {isa = PBXFileReference; lastKnownFileType = sourcecode.swift; path = MainCoordinator.swift; sourceTree = "<group>"; };
		ADE359332A5DA13A00BC9E61 /* HomeTabBarViewController.swift */ = {isa = PBXFileReference; lastKnownFileType = sourcecode.swift; path = HomeTabBarViewController.swift; sourceTree = "<group>"; };
		ADE359372A5DA53100BC9E61 /* ChildCoordinator.swift */ = {isa = PBXFileReference; lastKnownFileType = sourcecode.swift; path = ChildCoordinator.swift; sourceTree = "<group>"; };
		ADE359392A5DA56000BC9E61 /* Coordinator.swift */ = {isa = PBXFileReference; lastKnownFileType = sourcecode.swift; path = Coordinator.swift; sourceTree = "<group>"; };
		ADE3593C2A5DA7AB00BC9E61 /* TablatureFinderCoordinator.swift */ = {isa = PBXFileReference; lastKnownFileType = sourcecode.swift; path = TablatureFinderCoordinator.swift; sourceTree = "<group>"; };
		ADE3593E2A5DB5CB00BC9E61 /* TablatureFinderViewModel.swift */ = {isa = PBXFileReference; lastKnownFileType = sourcecode.swift; path = TablatureFinderViewModel.swift; sourceTree = "<group>"; };
		ADE359442A5DC18900BC9E61 /* TablatureListModel.swift */ = {isa = PBXFileReference; lastKnownFileType = sourcecode.swift; path = TablatureListModel.swift; sourceTree = "<group>"; };
		ADE359472A5DCA0700BC9E61 /* TablatureFinderViewController+Constants.swift */ = {isa = PBXFileReference; lastKnownFileType = sourcecode.swift; path = "TablatureFinderViewController+Constants.swift"; sourceTree = "<group>"; };
		ADE359492A5DCA2F00BC9E61 /* TablatureFinderViewController+Constraints.swift */ = {isa = PBXFileReference; lastKnownFileType = sourcecode.swift; path = "TablatureFinderViewController+Constraints.swift"; sourceTree = "<group>"; };
		ADE3594D2A5DCA5F00BC9E61 /* TablatureFinderViewController+TableViewDataSource.swift */ = {isa = PBXFileReference; lastKnownFileType = sourcecode.swift; path = "TablatureFinderViewController+TableViewDataSource.swift"; sourceTree = "<group>"; };
		ADE3594F2A5DCA6F00BC9E61 /* TablatureFinderViewController+TableViewDelegate.swift */ = {isa = PBXFileReference; lastKnownFileType = sourcecode.swift; path = "TablatureFinderViewController+TableViewDelegate.swift"; sourceTree = "<group>"; };
		ADE359522A5DD66400BC9E61 /* TablatureFinderViewController+SearchBarDelegate.swift */ = {isa = PBXFileReference; lastKnownFileType = sourcecode.swift; path = "TablatureFinderViewController+SearchBarDelegate.swift"; sourceTree = "<group>"; };
		ADE359542A5DE04C00BC9E61 /* UIView+SafeArea.swift */ = {isa = PBXFileReference; lastKnownFileType = sourcecode.swift; path = "UIView+SafeArea.swift"; sourceTree = "<group>"; };
/* End PBXFileReference section */

/* Begin PBXFrameworksBuildPhase section */
		AD68ABB229DC98CD002B510F /* Frameworks */ = {
			isa = PBXFrameworksBuildPhase;
			buildActionMask = 2147483647;
			files = (
			);
			runOnlyForDeploymentPostprocessing = 0;
		};
/* End PBXFrameworksBuildPhase section */

/* Begin PBXGroup section */
		AD0B15D32A600FDD0056B30F /* DataBase */ = {
			isa = PBXGroup;
			children = (
				AD68ABC129DC98CD002B510F /* GuiTabFinder.xcdatamodeld */,
			);
			path = DataBase;
			sourceTree = "<group>";
		};
		AD1E89E62A6331F200054FE7 /* TablatureList */ = {
			isa = PBXGroup;
			children = (
				AD1E89E22A6320C700054FE7 /* TablatureListRepository.swift */,
				AD1E89E42A63222700054FE7 /* TablatureListRepository+Parameters.swift */,
			);
			path = TablatureList;
			sourceTree = "<group>";
		};
		AD1E89E72A6331F800054FE7 /* TablatureDetail */ = {
			isa = PBXGroup;
			children = (
				ADB2C6D52A655AA300743C17 /* TablatureDetailRepository.swift */,
				ADB2C6D72A655AE700743C17 /* TablatureDetailRepository+Parameters.swift */,
			);
			path = TablatureDetail;
			sourceTree = "<group>";
		};
		AD23A24A29DD5869000255C9 /* Model */ = {
			isa = PBXGroup;
			children = (
			);
			path = Model;
			sourceTree = "<group>";
		};
		AD23A24B29DD586E000255C9 /* View */ = {
			isa = PBXGroup;
			children = (
				ADE359462A5DC9D700BC9E61 /* TablatureFinderCollectionViewCell */,
				AD68ABBC29DC98CD002B510F /* TablatureFinderViewController.swift */,
				ADE359472A5DCA0700BC9E61 /* TablatureFinderViewController+Constants.swift */,
				ADE359492A5DCA2F00BC9E61 /* TablatureFinderViewController+Constraints.swift */,
				ADE3594D2A5DCA5F00BC9E61 /* TablatureFinderViewController+TableViewDataSource.swift */,
				ADE3594F2A5DCA6F00BC9E61 /* TablatureFinderViewController+TableViewDelegate.swift */,
				ADE359522A5DD66400BC9E61 /* TablatureFinderViewController+SearchBarDelegate.swift */,
				AD68ABBE29DC98CD002B510F /* Main.storyboard */,
			);
			path = View;
			sourceTree = "<group>";
		};
		AD23A24C29DD5873000255C9 /* ViewModel */ = {
			isa = PBXGroup;
			children = (
				ADE3593E2A5DB5CB00BC9E61 /* TablatureFinderViewModel.swift */,
			);
			path = ViewModel;
			sourceTree = "<group>";
		};
		AD27A8F42A615FF00004F846 /* Commons */ = {
			isa = PBXGroup;
			children = (
				AD27A8F82A6160210004F846 /* EmptyStateView */,
			);
			path = Commons;
			sourceTree = "<group>";
		};
		AD27A8F82A6160210004F846 /* EmptyStateView */ = {
			isa = PBXGroup;
			children = (
				AD27A8F52A6160020004F846 /* EmptyStateView.swift */,
				AD27A8F92A6160520004F846 /* EmptyStateView+Constraints.swift */,
				AD27A8FB2A6171AE0004F846 /* EmptyStateView+Constants.swift */,
			);
			path = EmptyStateView;
			sourceTree = "<group>";
		};
		AD27A8FF2A61AAAB0004F846 /* Base */ = {
			isa = PBXGroup;
			children = (
				AD27A9012A61AAC80004F846 /* BaseViewController.swift */,
				AD27A9002A61AAB50004F846 /* SpinnerViewController */,
			);
			path = Base;
			sourceTree = "<group>";
		};
		AD27A9002A61AAB50004F846 /* SpinnerViewController */ = {
			isa = PBXGroup;
			children = (
				AD27A9032A61AAE80004F846 /* SpinnerViewController.swift */,
				AD27A9052A61AAF10004F846 /* SpinnerViewController+Constants.swift */,
				AD27A9072A61AAFA0004F846 /* SpinnerViewController+Constraints.swift */,
			);
			path = SpinnerViewController;
			sourceTree = "<group>";
		};
		AD68ABAC29DC98CD002B510F = {
			isa = PBXGroup;
			children = (
				AD68ABCF29DC99E0002B510F /* README.md */,
				AD68ABB729DC98CD002B510F /* GuiTabFinder */,
				AD68ABB629DC98CD002B510F /* Products */,
			);
			sourceTree = "<group>";
		};
		AD68ABB629DC98CD002B510F /* Products */ = {
			isa = PBXGroup;
			children = (
				AD68ABB529DC98CD002B510F /* GuiTabFinder.app */,
			);
			name = Products;
			sourceTree = "<group>";
		};
		AD68ABB729DC98CD002B510F /* GuiTabFinder */ = {
			isa = PBXGroup;
			children = (
				ADEA81662A5C0516005235A9 /* Base */,
				ADEA816F2A5C06C0005235A9 /* Data */,
				ADE359412A5DB99200BC9E61 /* Domain */,
				ADEA81682A5C05BE005235A9 /* Presentation */,
				ADEA81672A5C0592005235A9 /* Utils */,
				ADE359512A5DCA9500BC9E61 /* Resources */,
			);
			path = GuiTabFinder;
			sourceTree = "<group>";
		};
		ADA39CC02A5EC81700B08E4D /* TablatureSelector */ = {
			isa = PBXGroup;
			children = (
				AD23A24A29DD5869000255C9 /* Model */,
				AD23A24B29DD586E000255C9 /* View */,
				AD23A24C29DD5873000255C9 /* ViewModel */,
			);
			path = TablatureSelector;
			sourceTree = "<group>";
		};
		ADA39CC12A5EC82700B08E4D /* TablatureDetail */ = {
			isa = PBXGroup;
			children = (
				ADA39CC22A5EC84200B08E4D /* Model */,
				ADA39CC32A5EC84600B08E4D /* View */,
				ADA39CC42A5EC84A00B08E4D /* ViewModel */,
			);
			path = TablatureDetail;
			sourceTree = "<group>";
		};
		ADA39CC22A5EC84200B08E4D /* Model */ = {
			isa = PBXGroup;
			children = (
			);
			path = Model;
			sourceTree = "<group>";
		};
		ADA39CC32A5EC84600B08E4D /* View */ = {
			isa = PBXGroup;
			children = (
				AD19F76829E5501100AD1837 /* TablatureDetailViewController.swift */,
				ADA39CC52A5ECC4500B08E4D /* TablatureDetailViewController+Constraints.swift */,
				ADA39CCD2A5F665E00B08E4D /* TablatureDetailViewController+Constants.swift */,
				ADA39CC72A5ECC5800B08E4D /* TablatureDetailViewController+ScrollViewDelegate.swift */,
			);
			path = View;
			sourceTree = "<group>";
		};
		ADA39CC42A5EC84A00B08E4D /* ViewModel */ = {
			isa = PBXGroup;
			children = (
				ADA39CC92A5F1F3600B08E4D /* TablatureDetailViewModel.swift */,
			);
			path = ViewModel;
			sourceTree = "<group>";
		};
		ADD7AD8D29E6C59400E2ECC8 /* Extensions */ = {
			isa = PBXGroup;
			children = (
				ADD7AD8E29E6C60100E2ECC8 /* Extensions.swift */,
				ADE359542A5DE04C00BC9E61 /* UIView+SafeArea.swift */,
				ADA39CBC2A5EA4BE00B08E4D /* String+Localized.swift */,
			);
			path = Extensions;
			sourceTree = "<group>";
		};
		ADE359322A5DA11700BC9E61 /* Home */ = {
			isa = PBXGroup;
			children = (
				ADE359332A5DA13A00BC9E61 /* HomeTabBarViewController.swift */,
			);
			path = Home;
			sourceTree = "<group>";
		};
		ADE359352A5DA4E300BC9E61 /* Protocols */ = {
			isa = PBXGroup;
			children = (
				ADE359372A5DA53100BC9E61 /* ChildCoordinator.swift */,
				ADE359392A5DA56000BC9E61 /* Coordinator.swift */,
			);
			path = Protocols;
			sourceTree = "<group>";
		};
		ADE359362A5DA4E900BC9E61 /* MainCoordinator */ = {
			isa = PBXGroup;
			children = (
				ADE359302A5D97D300BC9E61 /* MainCoordinator.swift */,
			);
			path = MainCoordinator;
			sourceTree = "<group>";
		};
		ADE3593B2A5DA79B00BC9E61 /* Coordinator */ = {
			isa = PBXGroup;
			children = (
				ADE3593C2A5DA7AB00BC9E61 /* TablatureFinderCoordinator.swift */,
			);
			path = Coordinator;
			sourceTree = "<group>";
		};
		ADE359412A5DB99200BC9E61 /* Domain */ = {
			isa = PBXGroup;
			children = (
				ADE359422A5DB99A00BC9E61 /* Entities */,
				ADE359432A5DB9A400BC9E61 /* UseCases */,
			);
			path = Domain;
			sourceTree = "<group>";
		};
		ADE359422A5DB99A00BC9E61 /* Entities */ = {
			isa = PBXGroup;
			children = (
				AD23A25329DD611E000255C9 /* TablatureDetail.swift */,
				ADE359442A5DC18900BC9E61 /* TablatureListModel.swift */,
			);
			path = Entities;
			sourceTree = "<group>";
		};
		ADE359432A5DB9A400BC9E61 /* UseCases */ = {
			isa = PBXGroup;
			children = (
				AD1E89E82A63380E00054FE7 /* TablatureListUseCase.swift */,
				ADB2C6D92A655BED00743C17 /* TablatureDetailUseCase.swift */,
			);
			path = UseCases;
			sourceTree = "<group>";
		};
		ADE359462A5DC9D700BC9E61 /* TablatureFinderCollectionViewCell */ = {
			isa = PBXGroup;
			children = (
				AD97EF4429E0323100F68397 /* TablatureFinderTableViewCell.swift */,
				ADA39CBE2A5EC0C600B08E4D /* TablatureFinderTableViewCell+Constraints.swift */,
				ADA39CCB2A5F663A00B08E4D /* TablatureFinderTableViewCell+Constants.swift */,
			);
			path = TablatureFinderCollectionViewCell;
			sourceTree = "<group>";
		};
		ADE359512A5DCA9500BC9E61 /* Resources */ = {
			isa = PBXGroup;
			children = (
				AD68ABC629DC98CE002B510F /* LaunchScreen.storyboard */,
				AD68ABC429DC98CE002B510F /* Assets.xcassets */,
				AD68ABC929DC98CE002B510F /* Info.plist */,
			);
			path = Resources;
			sourceTree = "<group>";
		};
		ADEA81662A5C0516005235A9 /* Base */ = {
			isa = PBXGroup;
			children = (
				AD68ABB829DC98CD002B510F /* AppDelegate.swift */,
				AD68ABBA29DC98CD002B510F /* SceneDelegate.swift */,
				AD23A25129DD603F000255C9 /* ObservableObject.swift */,
				AD27A8FD2A6174680004F846 /* AppError.swift */,
				AD27A9092A61ABFD0004F846 /* LoadingStatus.swift */,
			);
			path = Base;
			sourceTree = "<group>";
		};
		ADEA81672A5C0592005235A9 /* Utils */ = {
			isa = PBXGroup;
			children = (
				ADD7AD8D29E6C59400E2ECC8 /* Extensions */,
			);
			path = Utils;
			sourceTree = "<group>";
		};
		ADEA81682A5C05BE005235A9 /* Presentation */ = {
			isa = PBXGroup;
			children = (
				AD27A8FF2A61AAAB0004F846 /* Base */,
				ADEA816B2A5C0623005235A9 /* Coordinator */,
				ADEA816C2A5C0629005235A9 /* Features */,
			);
			path = Presentation;
			sourceTree = "<group>";
		};
		ADEA81692A5C05E3005235A9 /* TablatureFinder */ = {
			isa = PBXGroup;
			children = (
				ADE3593B2A5DA79B00BC9E61 /* Coordinator */,
				ADA39CC02A5EC81700B08E4D /* TablatureSelector */,
				ADA39CC12A5EC82700B08E4D /* TablatureDetail */,
			);
			path = TablatureFinder;
			sourceTree = "<group>";
		};
		ADEA816B2A5C0623005235A9 /* Coordinator */ = {
			isa = PBXGroup;
			children = (
				ADE359352A5DA4E300BC9E61 /* Protocols */,
				ADE359362A5DA4E900BC9E61 /* MainCoordinator */,
			);
			path = Coordinator;
			sourceTree = "<group>";
		};
		ADEA816C2A5C0629005235A9 /* Features */ = {
			isa = PBXGroup;
			children = (
				AD27A8F42A615FF00004F846 /* Commons */,
				ADE359322A5DA11700BC9E61 /* Home */,
				ADEA81692A5C05E3005235A9 /* TablatureFinder */,
				ADEA816D2A5C065D005235A9 /* Tuner */,
				ADEA816E2A5C0668005235A9 /* AudioRecorder */,
			);
			path = Features;
			sourceTree = "<group>";
		};
		ADEA816D2A5C065D005235A9 /* Tuner */ = {
			isa = PBXGroup;
			children = (
			);
			path = Tuner;
			sourceTree = "<group>";
		};
		ADEA816E2A5C0668005235A9 /* AudioRecorder */ = {
			isa = PBXGroup;
			children = (
			);
			path = AudioRecorder;
			sourceTree = "<group>";
		};
		ADEA816F2A5C06C0005235A9 /* Data */ = {
			isa = PBXGroup;
			children = (
				AD23A24D29DD59E4000255C9 /* TFEndpoints.swift */,
				ADEA81702A5C071A005235A9 /* Repositories */,
				AD0B15D32A600FDD0056B30F /* DataBase */,
			);
			path = Data;
			sourceTree = "<group>";
		};
		ADEA81702A5C071A005235A9 /* Repositories */ = {
			isa = PBXGroup;
			children = (
				AD1E89E62A6331F200054FE7 /* TablatureList */,
				AD1E89E72A6331F800054FE7 /* TablatureDetail */,
			);
			path = Repositories;
			sourceTree = "<group>";
		};
/* End PBXGroup section */

/* Begin PBXNativeTarget section */
		AD68ABB429DC98CD002B510F /* GuiTabFinder */ = {
			isa = PBXNativeTarget;
			buildConfigurationList = AD68ABCC29DC98CE002B510F /* Build configuration list for PBXNativeTarget "GuiTabFinder" */;
			buildPhases = (
				AD68ABB129DC98CD002B510F /* Sources */,
				AD68ABB229DC98CD002B510F /* Frameworks */,
				AD68ABB329DC98CD002B510F /* Resources */,
			);
			buildRules = (
			);
			dependencies = (
			);
			name = GuiTabFinder;
			productName = GuiTabFinder;
			productReference = AD68ABB529DC98CD002B510F /* GuiTabFinder.app */;
			productType = "com.apple.product-type.application";
		};
/* End PBXNativeTarget section */

/* Begin PBXProject section */
		AD68ABAD29DC98CD002B510F /* Project object */ = {
			isa = PBXProject;
			attributes = {
				BuildIndependentTargetsInParallel = 1;
				LastSwiftUpdateCheck = 1430;
				LastUpgradeCheck = 1430;
				TargetAttributes = {
					AD68ABB429DC98CD002B510F = {
						CreatedOnToolsVersion = 14.3;
					};
				};
			};
			buildConfigurationList = AD68ABB029DC98CD002B510F /* Build configuration list for PBXProject "GuiTabFinder" */;
			compatibilityVersion = "Xcode 14.0";
			developmentRegion = en;
			hasScannedForEncodings = 0;
			knownRegions = (
				en,
				Base,
			);
			mainGroup = AD68ABAC29DC98CD002B510F;
			productRefGroup = AD68ABB629DC98CD002B510F /* Products */;
			projectDirPath = "";
			projectRoot = "";
			targets = (
				AD68ABB429DC98CD002B510F /* GuiTabFinder */,
			);
		};
/* End PBXProject section */

/* Begin PBXResourcesBuildPhase section */
		AD68ABB329DC98CD002B510F /* Resources */ = {
			isa = PBXResourcesBuildPhase;
			buildActionMask = 2147483647;
			files = (
				AD68ABC829DC98CE002B510F /* LaunchScreen.storyboard in Resources */,
				AD68ABC529DC98CE002B510F /* Assets.xcassets in Resources */,
				AD68ABD029DC99E0002B510F /* README.md in Resources */,
				AD68ABC029DC98CD002B510F /* Main.storyboard in Resources */,
			);
			runOnlyForDeploymentPostprocessing = 0;
		};
/* End PBXResourcesBuildPhase section */

/* Begin PBXSourcesBuildPhase section */
		AD68ABB129DC98CD002B510F /* Sources */ = {
			isa = PBXSourcesBuildPhase;
			buildActionMask = 2147483647;
			files = (
				AD23A25429DD611E000255C9 /* TablatureDetail.swift in Sources */,
				ADE3593F2A5DB5CB00BC9E61 /* TablatureFinderViewModel.swift in Sources */,
				ADE359312A5D97D400BC9E61 /* MainCoordinator.swift in Sources */,
				AD23A24E29DD59E4000255C9 /* TFEndpoints.swift in Sources */,
				AD27A8FA2A6160520004F846 /* EmptyStateView+Constraints.swift in Sources */,
				AD27A9022A61AAC80004F846 /* BaseViewController.swift in Sources */,
				ADA39CBD2A5EA4BE00B08E4D /* String+Localized.swift in Sources */,
				AD68ABBD29DC98CD002B510F /* TablatureFinderViewController.swift in Sources */,
				AD27A9062A61AAF10004F846 /* SpinnerViewController+Constants.swift in Sources */,
				ADB2C6DA2A655BED00743C17 /* TablatureDetailUseCase.swift in Sources */,
				ADA39CCE2A5F665E00B08E4D /* TablatureDetailViewController+Constants.swift in Sources */,
				ADE359502A5DCA6F00BC9E61 /* TablatureFinderViewController+TableViewDelegate.swift in Sources */,
				AD68ABC329DC98CD002B510F /* GuiTabFinder.xcdatamodeld in Sources */,
				AD1E89E32A6320C700054FE7 /* TablatureListRepository.swift in Sources */,
				ADB2C6D62A655AA300743C17 /* TablatureDetailRepository.swift in Sources */,
				ADE3594A2A5DCA2F00BC9E61 /* TablatureFinderViewController+Constraints.swift in Sources */,
				AD1E89E92A63380E00054FE7 /* TablatureListUseCase.swift in Sources */,
				ADE359452A5DC18900BC9E61 /* TablatureListModel.swift in Sources */,
				ADD7AD8F29E6C60100E2ECC8 /* Extensions.swift in Sources */,
				AD1E89E52A63222700054FE7 /* TablatureListRepository+Parameters.swift in Sources */,
				AD27A8FC2A6171AE0004F846 /* EmptyStateView+Constants.swift in Sources */,
				AD27A90A2A61ABFD0004F846 /* LoadingStatus.swift in Sources */,
				AD97EF4529E0323100F68397 /* TablatureFinderTableViewCell.swift in Sources */,
				ADA39CC82A5ECC5800B08E4D /* TablatureDetailViewController+ScrollViewDelegate.swift in Sources */,
				ADA39CBF2A5EC0C600B08E4D /* TablatureFinderTableViewCell+Constraints.swift in Sources */,
				AD27A9042A61AAE80004F846 /* SpinnerViewController.swift in Sources */,
				AD68ABB929DC98CD002B510F /* AppDelegate.swift in Sources */,
				ADE359382A5DA53100BC9E61 /* ChildCoordinator.swift in Sources */,
				ADE3594E2A5DCA5F00BC9E61 /* TablatureFinderViewController+TableViewDataSource.swift in Sources */,
				ADE359552A5DE04C00BC9E61 /* UIView+SafeArea.swift in Sources */,
				ADE3593D2A5DA7AB00BC9E61 /* TablatureFinderCoordinator.swift in Sources */,
				AD27A9082A61AAFA0004F846 /* SpinnerViewController+Constraints.swift in Sources */,
				AD27A8F62A6160020004F846 /* EmptyStateView.swift in Sources */,
				ADE3593A2A5DA56000BC9E61 /* Coordinator.swift in Sources */,
				ADA39CCC2A5F663A00B08E4D /* TablatureFinderTableViewCell+Constants.swift in Sources */,
				ADE359342A5DA13A00BC9E61 /* HomeTabBarViewController.swift in Sources */,
				AD19F76929E5501100AD1837 /* TablatureDetailViewController.swift in Sources */,
				AD27A8FE2A6174680004F846 /* AppError.swift in Sources */,
				AD23A25229DD603F000255C9 /* ObservableObject.swift in Sources */,
				ADE359532A5DD66400BC9E61 /* TablatureFinderViewController+SearchBarDelegate.swift in Sources */,
				ADE359482A5DCA0700BC9E61 /* TablatureFinderViewController+Constants.swift in Sources */,
				ADB2C6D82A655AE700743C17 /* TablatureDetailRepository+Parameters.swift in Sources */,
				AD68ABBB29DC98CD002B510F /* SceneDelegate.swift in Sources */,
				ADA39CCA2A5F1F3600B08E4D /* TablatureDetailViewModel.swift in Sources */,
				ADA39CC62A5ECC4500B08E4D /* TablatureDetailViewController+Constraints.swift in Sources */,
			);
			runOnlyForDeploymentPostprocessing = 0;
		};
/* End PBXSourcesBuildPhase section */

/* Begin PBXVariantGroup section */
		AD68ABBE29DC98CD002B510F /* Main.storyboard */ = {
			isa = PBXVariantGroup;
			children = (
				AD68ABBF29DC98CD002B510F /* Base */,
			);
			name = Main.storyboard;
			sourceTree = "<group>";
		};
		AD68ABC629DC98CE002B510F /* LaunchScreen.storyboard */ = {
			isa = PBXVariantGroup;
			children = (
				AD68ABC729DC98CE002B510F /* Base */,
			);
			name = LaunchScreen.storyboard;
			sourceTree = "<group>";
		};
/* End PBXVariantGroup section */

/* Begin XCBuildConfiguration section */
		AD68ABCA29DC98CE002B510F /* Debug */ = {
			isa = XCBuildConfiguration;
			buildSettings = {
				ALWAYS_SEARCH_USER_PATHS = NO;
				CLANG_ANALYZER_NONNULL = YES;
				CLANG_ANALYZER_NUMBER_OBJECT_CONVERSION = YES_AGGRESSIVE;
				CLANG_CXX_LANGUAGE_STANDARD = "gnu++20";
				CLANG_ENABLE_MODULES = YES;
				CLANG_ENABLE_OBJC_ARC = YES;
				CLANG_ENABLE_OBJC_WEAK = YES;
				CLANG_WARN_BLOCK_CAPTURE_AUTORELEASING = YES;
				CLANG_WARN_BOOL_CONVERSION = YES;
				CLANG_WARN_COMMA = YES;
				CLANG_WARN_CONSTANT_CONVERSION = YES;
				CLANG_WARN_DEPRECATED_OBJC_IMPLEMENTATIONS = YES;
				CLANG_WARN_DIRECT_OBJC_ISA_USAGE = YES_ERROR;
				CLANG_WARN_DOCUMENTATION_COMMENTS = YES;
				CLANG_WARN_EMPTY_BODY = YES;
				CLANG_WARN_ENUM_CONVERSION = YES;
				CLANG_WARN_INFINITE_RECURSION = YES;
				CLANG_WARN_INT_CONVERSION = YES;
				CLANG_WARN_NON_LITERAL_NULL_CONVERSION = YES;
				CLANG_WARN_OBJC_IMPLICIT_RETAIN_SELF = YES;
				CLANG_WARN_OBJC_LITERAL_CONVERSION = YES;
				CLANG_WARN_OBJC_ROOT_CLASS = YES_ERROR;
				CLANG_WARN_QUOTED_INCLUDE_IN_FRAMEWORK_HEADER = YES;
				CLANG_WARN_RANGE_LOOP_ANALYSIS = YES;
				CLANG_WARN_STRICT_PROTOTYPES = YES;
				CLANG_WARN_SUSPICIOUS_MOVE = YES;
				CLANG_WARN_UNGUARDED_AVAILABILITY = YES_AGGRESSIVE;
				CLANG_WARN_UNREACHABLE_CODE = YES;
				CLANG_WARN__DUPLICATE_METHOD_MATCH = YES;
				COPY_PHASE_STRIP = NO;
				DEBUG_INFORMATION_FORMAT = dwarf;
				ENABLE_STRICT_OBJC_MSGSEND = YES;
				ENABLE_TESTABILITY = YES;
				GCC_C_LANGUAGE_STANDARD = gnu11;
				GCC_DYNAMIC_NO_PIC = NO;
				GCC_NO_COMMON_BLOCKS = YES;
				GCC_OPTIMIZATION_LEVEL = 0;
				GCC_PREPROCESSOR_DEFINITIONS = (
					"DEBUG=1",
					"$(inherited)",
				);
				GCC_WARN_64_TO_32_BIT_CONVERSION = YES;
				GCC_WARN_ABOUT_RETURN_TYPE = YES_ERROR;
				GCC_WARN_UNDECLARED_SELECTOR = YES;
				GCC_WARN_UNINITIALIZED_AUTOS = YES_AGGRESSIVE;
				GCC_WARN_UNUSED_FUNCTION = YES;
				GCC_WARN_UNUSED_VARIABLE = YES;
				IPHONEOS_DEPLOYMENT_TARGET = 15.0;
				MTL_ENABLE_DEBUG_INFO = INCLUDE_SOURCE;
				MTL_FAST_MATH = YES;
				ONLY_ACTIVE_ARCH = YES;
				SDKROOT = iphoneos;
				SWIFT_ACTIVE_COMPILATION_CONDITIONS = DEBUG;
				SWIFT_OPTIMIZATION_LEVEL = "-Onone";
			};
			name = Debug;
		};
		AD68ABCB29DC98CE002B510F /* Release */ = {
			isa = XCBuildConfiguration;
			buildSettings = {
				ALWAYS_SEARCH_USER_PATHS = NO;
				CLANG_ANALYZER_NONNULL = YES;
				CLANG_ANALYZER_NUMBER_OBJECT_CONVERSION = YES_AGGRESSIVE;
				CLANG_CXX_LANGUAGE_STANDARD = "gnu++20";
				CLANG_ENABLE_MODULES = YES;
				CLANG_ENABLE_OBJC_ARC = YES;
				CLANG_ENABLE_OBJC_WEAK = YES;
				CLANG_WARN_BLOCK_CAPTURE_AUTORELEASING = YES;
				CLANG_WARN_BOOL_CONVERSION = YES;
				CLANG_WARN_COMMA = YES;
				CLANG_WARN_CONSTANT_CONVERSION = YES;
				CLANG_WARN_DEPRECATED_OBJC_IMPLEMENTATIONS = YES;
				CLANG_WARN_DIRECT_OBJC_ISA_USAGE = YES_ERROR;
				CLANG_WARN_DOCUMENTATION_COMMENTS = YES;
				CLANG_WARN_EMPTY_BODY = YES;
				CLANG_WARN_ENUM_CONVERSION = YES;
				CLANG_WARN_INFINITE_RECURSION = YES;
				CLANG_WARN_INT_CONVERSION = YES;
				CLANG_WARN_NON_LITERAL_NULL_CONVERSION = YES;
				CLANG_WARN_OBJC_IMPLICIT_RETAIN_SELF = YES;
				CLANG_WARN_OBJC_LITERAL_CONVERSION = YES;
				CLANG_WARN_OBJC_ROOT_CLASS = YES_ERROR;
				CLANG_WARN_QUOTED_INCLUDE_IN_FRAMEWORK_HEADER = YES;
				CLANG_WARN_RANGE_LOOP_ANALYSIS = YES;
				CLANG_WARN_STRICT_PROTOTYPES = YES;
				CLANG_WARN_SUSPICIOUS_MOVE = YES;
				CLANG_WARN_UNGUARDED_AVAILABILITY = YES_AGGRESSIVE;
				CLANG_WARN_UNREACHABLE_CODE = YES;
				CLANG_WARN__DUPLICATE_METHOD_MATCH = YES;
				COPY_PHASE_STRIP = NO;
				DEBUG_INFORMATION_FORMAT = "dwarf-with-dsym";
				ENABLE_NS_ASSERTIONS = NO;
				ENABLE_STRICT_OBJC_MSGSEND = YES;
				GCC_C_LANGUAGE_STANDARD = gnu11;
				GCC_NO_COMMON_BLOCKS = YES;
				GCC_WARN_64_TO_32_BIT_CONVERSION = YES;
				GCC_WARN_ABOUT_RETURN_TYPE = YES_ERROR;
				GCC_WARN_UNDECLARED_SELECTOR = YES;
				GCC_WARN_UNINITIALIZED_AUTOS = YES_AGGRESSIVE;
				GCC_WARN_UNUSED_FUNCTION = YES;
				GCC_WARN_UNUSED_VARIABLE = YES;
				IPHONEOS_DEPLOYMENT_TARGET = 15.0;
				MTL_ENABLE_DEBUG_INFO = NO;
				MTL_FAST_MATH = YES;
				SDKROOT = iphoneos;
				SWIFT_COMPILATION_MODE = wholemodule;
				SWIFT_OPTIMIZATION_LEVEL = "-O";
				VALIDATE_PRODUCT = YES;
			};
			name = Release;
		};
		AD68ABCD29DC98CE002B510F /* Debug */ = {
			isa = XCBuildConfiguration;
			buildSettings = {
				ASSETCATALOG_COMPILER_APPICON_NAME = AppIcon;
				ASSETCATALOG_COMPILER_GLOBAL_ACCENT_COLOR_NAME = AccentColor;
				CODE_SIGN_STYLE = Automatic;
				CURRENT_PROJECT_VERSION = 1;
				DEVELOPMENT_TEAM = UJ8245Z3MQ;
				GENERATE_INFOPLIST_FILE = YES;
				INFOPLIST_FILE = GuiTabFinder/Resources/Info.plist;
				INFOPLIST_KEY_LSApplicationCategoryType = "public.app-category.entertainment";
				INFOPLIST_KEY_UIApplicationSupportsIndirectInputEvents = YES;
				INFOPLIST_KEY_UILaunchStoryboardName = LaunchScreen;
				INFOPLIST_KEY_UIMainStoryboardFile = "";
				INFOPLIST_KEY_UISupportedInterfaceOrientations = "UIInterfaceOrientationPortrait UIInterfaceOrientationPortraitUpsideDown";
				IPHONEOS_DEPLOYMENT_TARGET = 15.0;
				LD_RUNPATH_SEARCH_PATHS = (
					"$(inherited)",
					"@executable_path/Frameworks",
				);
				MARKETING_VERSION = 1.0;
				PRODUCT_BUNDLE_IDENTIFIER = com.anthonydev.GuiTabFinder;
				PRODUCT_NAME = "$(TARGET_NAME)";
				SWIFT_EMIT_LOC_STRINGS = YES;
				SWIFT_VERSION = 5.0;
				TARGETED_DEVICE_FAMILY = "1,2";
			};
			name = Debug;
		};
		AD68ABCE29DC98CE002B510F /* Release */ = {
			isa = XCBuildConfiguration;
			buildSettings = {
				ASSETCATALOG_COMPILER_APPICON_NAME = AppIcon;
				ASSETCATALOG_COMPILER_GLOBAL_ACCENT_COLOR_NAME = AccentColor;
				CODE_SIGN_STYLE = Automatic;
				CURRENT_PROJECT_VERSION = 1;
				DEVELOPMENT_TEAM = UJ8245Z3MQ;
				GENERATE_INFOPLIST_FILE = YES;
				INFOPLIST_FILE = GuiTabFinder/Resources/Info.plist;
				INFOPLIST_KEY_LSApplicationCategoryType = "public.app-category.entertainment";
				INFOPLIST_KEY_UIApplicationSupportsIndirectInputEvents = YES;
				INFOPLIST_KEY_UILaunchStoryboardName = LaunchScreen;
				INFOPLIST_KEY_UIMainStoryboardFile = "";
				INFOPLIST_KEY_UISupportedInterfaceOrientations = "UIInterfaceOrientationPortrait UIInterfaceOrientationPortraitUpsideDown";
				IPHONEOS_DEPLOYMENT_TARGET = 15.0;
				LD_RUNPATH_SEARCH_PATHS = (
					"$(inherited)",
					"@executable_path/Frameworks",
				);
				MARKETING_VERSION = 1.0;
				PRODUCT_BUNDLE_IDENTIFIER = com.anthonydev.GuiTabFinder;
				PRODUCT_NAME = "$(TARGET_NAME)";
				SWIFT_EMIT_LOC_STRINGS = YES;
				SWIFT_VERSION = 5.0;
				TARGETED_DEVICE_FAMILY = "1,2";
			};
			name = Release;
		};
/* End XCBuildConfiguration section */

/* Begin XCConfigurationList section */
		AD68ABB029DC98CD002B510F /* Build configuration list for PBXProject "GuiTabFinder" */ = {
			isa = XCConfigurationList;
			buildConfigurations = (
				AD68ABCA29DC98CE002B510F /* Debug */,
				AD68ABCB29DC98CE002B510F /* Release */,
			);
			defaultConfigurationIsVisible = 0;
			defaultConfigurationName = Release;
		};
		AD68ABCC29DC98CE002B510F /* Build configuration list for PBXNativeTarget "GuiTabFinder" */ = {
			isa = XCConfigurationList;
			buildConfigurations = (
				AD68ABCD29DC98CE002B510F /* Debug */,
				AD68ABCE29DC98CE002B510F /* Release */,
			);
			defaultConfigurationIsVisible = 0;
			defaultConfigurationName = Release;
		};
/* End XCConfigurationList section */

/* Begin XCVersionGroup section */
		AD68ABC129DC98CD002B510F /* GuiTabFinder.xcdatamodeld */ = {
			isa = XCVersionGroup;
			children = (
				AD68ABC229DC98CD002B510F /* GuiTabFinder.xcdatamodel */,
			);
			currentVersion = AD68ABC229DC98CD002B510F /* GuiTabFinder.xcdatamodel */;
			path = GuiTabFinder.xcdatamodeld;
			sourceTree = "<group>";
			versionGroupType = wrapper.xcdatamodel;
		};
/* End XCVersionGroup section */
	};
	rootObject = AD68ABAD29DC98CD002B510F /* Project object */;
}
